
Microsoft Visual Studio Solution File, Format Version 12.00
# Visual Studio Version 18
VisualStudioVersion = 18.6.11806.211
MinimumVisualStudioVersion = 10.0.40219.1
Project("{FAE04EC0-301F-11D3-BF4B-00C04F79EFBC}") = "Woodlands Prototype Insy7315", "Woodlands Prototype Insy7315.csproj", "{9497884B-5C14-D070-70B3-A34E3A9E7110}"
EndProject
Global
	GlobalSection(SolutionConfigurationPlatforms) = preSolution
		Debug|Any CPU = Debug|Any CPU
		Release|Any CPU = Release|Any CPU
	EndGlobalSection
	GlobalSection(ProjectConfigurationPlatforms) = postSolution
		{9497884B-5C14-D070-70B3-A34E3A9E7110}.Debug|Any CPU.ActiveCfg = Debug|Any CPU
		{9497884B-5C14-D070-70B3-A34E3A9E7110}.Debug|Any CPU.Build.0 = Debug|Any CPU
		{9497884B-5C14-D070-70B3-A34E3A9E7110}.Release|Any CPU.ActiveCfg = Release|Any CPU
		{9497884B-5C14-D070-70B3-A34E3A9E7110}.Release|Any CPU.Build.0 = Release|Any CPU
	EndGlobalSection
	GlobalSection(SolutionProperties) = preSolution
		HideSolutionNode = FALSE
	EndGlobalSection
	GlobalSection(ExtensibilityGlobals) = postSolution
		SolutionGuid = {CDCD3177-D165-4318-8176-C097EACC4A41}
	EndGlobalSection
EndGlobal
